// !$*UTF8*$!
{
	archiveVersion = 1;
	classes = {
	};
	objectVersion = 46;
	objects = {

/* Begin PBXBuildFile section */
		85BE5D321DB7105400D73398 /* AppDelegate.swift in Sources */ = {isa = PBXBuildFile; fileRef = 85BE5D311DB7105400D73398 /* AppDelegate.swift */; };
		85BE5D341DB7105400D73398 /* ViewController.swift in Sources */ = {isa = PBXBuildFile; fileRef = 85BE5D331DB7105400D73398 /* ViewController.swift */; };
		85BE5D371DB7105400D73398 /* Main.storyboard in Resources */ = {isa = PBXBuildFile; fileRef = 85BE5D351DB7105400D73398 /* Main.storyboard */; };
		85BE5D391DB7105400D73398 /* Assets.xcassets in Resources */ = {isa = PBXBuildFile; fileRef = 85BE5D381DB7105400D73398 /* Assets.xcassets */; };
		85BE5D3C1DB7105400D73398 /* LaunchScreen.storyboard in Resources */ = {isa = PBXBuildFile; fileRef = 85BE5D3A1DB7105400D73398 /* LaunchScreen.storyboard */; };
		85BE5D471DB7105400D73398 /* BunnyBunnyTests.swift in Sources */ = {isa = PBXBuildFile; fileRef = 85BE5D461DB7105400D73398 /* BunnyBunnyTests.swift */; };
		85BE5D521DB7105400D73398 /* BunnyBunnyUITests.swift in Sources */ = {isa = PBXBuildFile; fileRef = 85BE5D511DB7105400D73398 /* BunnyBunnyUITests.swift */; };
/* End PBXBuildFile section */

/* Begin PBXContainerItemProxy section */
		85BE5D431DB7105400D73398 /* PBXContainerItemProxy */ = {
			isa = PBXContainerItemProxy;
			containerPortal = 85BE5D261DB7105400D73398 /* Project object */;
			proxyType = 1;
			remoteGlobalIDString = 85BE5D2D1DB7105400D73398;
			remoteInfo = BunnyBunny;
		};
		85BE5D4E1DB7105400D73398 /* PBXContainerItemProxy */ = {
			isa = PBXContainerItemProxy;
			containerPortal = 85BE5D261DB7105400D73398 /* Project object */;
			proxyType = 1;
			remoteGlobalIDString = 85BE5D2D1DB7105400D73398;
			remoteInfo = BunnyBunny;
		};
/* End PBXContainerItemProxy section */

/* Begin PBXFileReference section */
		85BE5D2E1DB7105400D73398 /* BunnyBunny.app */ = {isa = PBXFileReference; explicitFileType = wrapper.application; includeInIndex = 0; path = BunnyBunny.app; sourceTree = BUILT_PRODUCTS_DIR; };
		85BE5D311DB7105400D73398 /* AppDelegate.swift */ = {isa = PBXFileReference; lastKnownFileType = sourcecode.swift; path = AppDelegate.swift; sourceTree = "<group>"; };
		85BE5D331DB7105400D73398 /* ViewController.swift */ = {isa = PBXFileReference; lastKnownFileType = sourcecode.swift; path = ViewController.swift; sourceTree = "<group>"; };
		85BE5D361DB7105400D73398 /* Base */ = {isa = PBXFileReference; lastKnownFileType = file.storyboard; name = Base; path = Base.lproj/Main.storyboard; sourceTree = "<group>"; };
		85BE5D381DB7105400D73398 /* Assets.xcassets */ = {isa = PBXFileReference; lastKnownFileType = folder.assetcatalog; path = Assets.xcassets; sourceTree = "<group>"; };
		85BE5D3B1DB7105400D73398 /* Base */ = {isa = PBXFileReference; lastKnownFileType = file.storyboard; name = Base; path = Base.lproj/LaunchScreen.storyboard; sourceTree = "<group>"; };
		85BE5D3D1DB7105400D73398 /* Info.plist */ = {isa = PBXFileReference; lastKnownFileType = text.plist.xml; path = Info.plist; sourceTree = "<group>"; };
		85BE5D421DB7105400D73398 /* BunnyBunnyTests.xctest */ = {isa = PBXFileReference; explicitFileType = wrapper.cfbundle; includeInIndex = 0; path = BunnyBunnyTests.xctest; sourceTree = BUILT_PRODUCTS_DIR; };
		85BE5D461DB7105400D73398 /* BunnyBunnyTests.swift */ = {isa = PBXFileReference; lastKnownFileType = sourcecode.swift; path = BunnyBunnyTests.swift; sourceTree = "<group>"; };
		85BE5D481DB7105400D73398 /* Info.plist */ = {isa = PBXFileReference; lastKnownFileType = text.plist.xml; path = Info.plist; sourceTree = "<group>"; };
		85BE5D4D1DB7105400D73398 /* BunnyBunnyUITests.xctest */ = {isa = PBXFileReference; explicitFileType = wrapper.cfbundle; includeInIndex = 0; path = BunnyBunnyUITests.xctest; sourceTree = BUILT_PRODUCTS_DIR; };
		85BE5D511DB7105400D73398 /* BunnyBunnyUITests.swift */ = {isa = PBXFileReference; lastKnownFileType = sourcecode.swift; path = BunnyBunnyUITests.swift; sourceTree = "<group>"; };
		85BE5D531DB7105400D73398 /* Info.plist */ = {isa = PBXFileReference; lastKnownFileType = text.plist.xml; path = Info.plist; sourceTree = "<group>"; };
/* End PBXFileReference section */

/* Begin PBXFrameworksBuildPhase section */
		85BE5D2B1DB7105400D73398 /* Frameworks */ = {
			isa = PBXFrameworksBuildPhase;
			buildActionMask = 2147483647;
			files = (
			);
			runOnlyForDeploymentPostprocessing = 0;
		};
		85BE5D3F1DB7105400D73398 /* Frameworks */ = {
			isa = PBXFrameworksBuildPhase;
			buildActionMask = 2147483647;
			files = (
			);
			runOnlyForDeploymentPostprocessing = 0;
		};
		85BE5D4A1DB7105400D73398 /* Frameworks */ = {
			isa = PBXFrameworksBuildPhase;
			buildActionMask = 2147483647;
			files = (
			);
			runOnlyForDeploymentPostprocessing = 0;
		};
/* End PBXFrameworksBuildPhase section */

/* Begin PBXGroup section */
		85BE5D251DB7105400D73398 = {
			isa = PBXGroup;
			children = (
				85BE5D301DB7105400D73398 /* BunnyBunny */,
				85BE5D451DB7105400D73398 /* BunnyBunnyTests */,
				85BE5D501DB7105400D73398 /* BunnyBunnyUITests */,
				85BE5D2F1DB7105400D73398 /* Products */,
			);
			sourceTree = "<group>";
		};
		85BE5D2F1DB7105400D73398 /* Products */ = {
			isa = PBXGroup;
			children = (
				85BE5D2E1DB7105400D73398 /* BunnyBunny.app */,
				85BE5D421DB7105400D73398 /* BunnyBunnyTests.xctest */,
				85BE5D4D1DB7105400D73398 /* BunnyBunnyUITests.xctest */,
			);
			name = Products;
			sourceTree = "<group>";
		};
		85BE5D301DB7105400D73398 /* BunnyBunny */ = {
			isa = PBXGroup;
			children = (
				85BE5D311DB7105400D73398 /* AppDelegate.swift */,
				85BE5D331DB7105400D73398 /* ViewController.swift */,
				85BE5D351DB7105400D73398 /* Main.storyboard */,
				85BE5D381DB7105400D73398 /* Assets.xcassets */,
				85BE5D3A1DB7105400D73398 /* LaunchScreen.storyboard */,
				85BE5D3D1DB7105400D73398 /* Info.plist */,
			);
			path = BunnyBunny;
			sourceTree = "<group>";
		};
		85BE5D451DB7105400D73398 /* BunnyBunnyTests */ = {
			isa = PBXGroup;
			children = (
				85BE5D461DB7105400D73398 /* BunnyBunnyTests.swift */,
				85BE5D481DB7105400D73398 /* Info.plist */,
			);
			path = BunnyBunnyTests;
			sourceTree = "<group>";
		};
		85BE5D501DB7105400D73398 /* BunnyBunnyUITests */ = {
			isa = PBXGroup;
			children = (
				85BE5D511DB7105400D73398 /* BunnyBunnyUITests.swift */,
				85BE5D531DB7105400D73398 /* Info.plist */,
			);
			path = BunnyBunnyUITests;
			sourceTree = "<group>";
		};
/* End PBXGroup section */

/* Begin PBXNativeTarget section */
		85BE5D2D1DB7105400D73398 /* BunnyBunny */ = {
			isa = PBXNativeTarget;
			buildConfigurationList = 85BE5D561DB7105400D73398 /* Build configuration list for PBXNativeTarget "BunnyBunny" */;
			buildPhases = (
				85BE5D2A1DB7105400D73398 /* Sources */,
				85BE5D2B1DB7105400D73398 /* Frameworks */,
				85BE5D2C1DB7105400D73398 /* Resources */,
			);
			buildRules = (
			);
			dependencies = (
			);
			name = BunnyBunny;
			productName = BunnyBunny;
			productReference = 85BE5D2E1DB7105400D73398 /* BunnyBunny.app */;
			productType = "com.apple.product-type.application";
		};
		85BE5D411DB7105400D73398 /* BunnyBunnyTests */ = {
			isa = PBXNativeTarget;
			buildConfigurationList = 85BE5D591DB7105400D73398 /* Build configuration list for PBXNativeTarget "BunnyBunnyTests" */;
			buildPhases = (
				85BE5D3E1DB7105400D73398 /* Sources */,
				85BE5D3F1DB7105400D73398 /* Frameworks */,
				85BE5D401DB7105400D73398 /* Resources */,
			);
			buildRules = (
			);
			dependencies = (
				85BE5D441DB7105400D73398 /* PBXTargetDependency */,
			);
			name = BunnyBunnyTests;
			productName = BunnyBunnyTests;
			productReference = 85BE5D421DB7105400D73398 /* BunnyBunnyTests.xctest */;
			productType = "com.apple.product-type.bundle.unit-test";
		};
		85BE5D4C1DB7105400D73398 /* BunnyBunnyUITests */ = {
			isa = PBXNativeTarget;
			buildConfigurationList = 85BE5D5C1DB7105400D73398 /* Build configuration list for PBXNativeTarget "BunnyBunnyUITests" */;
			buildPhases = (
				85BE5D491DB7105400D73398 /* Sources */,
				85BE5D4A1DB7105400D73398 /* Frameworks */,
				85BE5D4B1DB7105400D73398 /* Resources */,
			);
			buildRules = (
			);
			dependencies = (
				85BE5D4F1DB7105400D73398 /* PBXTargetDependency */,
			);
			name = BunnyBunnyUITests;
			productName = BunnyBunnyUITests;
			productReference = 85BE5D4D1DB7105400D73398 /* BunnyBunnyUITests.xctest */;
			productType = "com.apple.product-type.bundle.ui-testing";
		};
/* End PBXNativeTarget section */

/* Begin PBXProject section */
		85BE5D261DB7105400D73398 /* Project object */ = {
			isa = PBXProject;
			attributes = {
				LastSwiftUpdateCheck = 0800;
				LastUpgradeCheck = 0800;
				ORGANIZATIONNAME = "Adam Noffsinger";
				TargetAttributes = {
					85BE5D2D1DB7105400D73398 = {
						CreatedOnToolsVersion = 8.0;
						ProvisioningStyle = Automatic;
					};
					85BE5D411DB7105400D73398 = {
						CreatedOnToolsVersion = 8.0;
						ProvisioningStyle = Automatic;
						TestTargetID = 85BE5D2D1DB7105400D73398;
					};
					85BE5D4C1DB7105400D73398 = {
						CreatedOnToolsVersion = 8.0;
						ProvisioningStyle = Automatic;
						TestTargetID = 85BE5D2D1DB7105400D73398;
					};
				};
			};
			buildConfigurationList = 85BE5D291DB7105400D73398 /* Build configuration list for PBXProject "BunnyBunny" */;
			compatibilityVersion = "Xcode 3.2";
			developmentRegion = English;
			hasScannedForEncodings = 0;
			knownRegions = (
				en,
				Base,
			);
			mainGroup = 85BE5D251DB7105400D73398;
			productRefGroup = 85BE5D2F1DB7105400D73398 /* Products */;
			projectDirPath = "";
			projectRoot = "";
			targets = (
				85BE5D2D1DB7105400D73398 /* BunnyBunny */,
				85BE5D411DB7105400D73398 /* BunnyBunnyTests */,
				85BE5D4C1DB7105400D73398 /* BunnyBunnyUITests */,
			);
		};
/* End PBXProject section */

/* Begin PBXResourcesBuildPhase section */
		85BE5D2C1DB7105400D73398 /* Resources */ = {
			isa = PBXResourcesBuildPhase;
			buildActionMask = 2147483647;
			files = (
				85BE5D3C1DB7105400D73398 /* LaunchScreen.storyboard in Resources */,
				85BE5D391DB7105400D73398 /* Assets.xcassets in Resources */,
				85BE5D371DB7105400D73398 /* Main.storyboard in Resources */,
			);
			runOnlyForDeploymentPostprocessing = 0;
		};
		85BE5D401DB7105400D73398 /* Resources */ = {
			isa = PBXResourcesBuildPhase;
			buildActionMask = 2147483647;
			files = (
			);
			runOnlyForDeploymentPostprocessing = 0;
		};
		85BE5D4B1DB7105400D73398 /* Resources */ = {
			isa = PBXResourcesBuildPhase;
			buildActionMask = 2147483647;
			files = (
			);
			runOnlyForDeploymentPostprocessing = 0;
		};
/* End PBXResourcesBuildPhase section */

/* Begin PBXSourcesBuildPhase section */
		85BE5D2A1DB7105400D73398 /* Sources */ = {
			isa = PBXSourcesBuildPhase;
			buildActionMask = 2147483647;
			files = (
				85BE5D341DB7105400D73398 /* ViewController.swift in Sources */,
				85BE5D321DB7105400D73398 /* AppDelegate.swift in Sources */,
			);
			runOnlyForDeploymentPostprocessing = 0;
		};
		85BE5D3E1DB7105400D73398 /* Sources */ = {
			isa = PBXSourcesBuildPhase;
			buildActionMask = 2147483647;
			files = (
				85BE5D471DB7105400D73398 /* BunnyBunnyTests.swift in Sources */,
			);
			runOnlyForDeploymentPostprocessing = 0;
		};
		85BE5D491DB7105400D73398 /* Sources */ = {
			isa = PBXSourcesBuildPhase;
			buildActionMask = 2147483647;
			files = (
				85BE5D521DB7105400D73398 /* BunnyBunnyUITests.swift in Sources */,
			);
			runOnlyForDeploymentPostprocessing = 0;
		};
/* End PBXSourcesBuildPhase section */

/* Begin PBXTargetDependency section */
		85BE5D441DB7105400D73398 /* PBXTargetDependency */ = {
			isa = PBXTargetDependency;
			target = 85BE5D2D1DB7105400D73398 /* BunnyBunny */;
			targetProxy = 85BE5D431DB7105400D73398 /* PBXContainerItemProxy */;
		};
		85BE5D4F1DB7105400D73398 /* PBXTargetDependency */ = {
			isa = PBXTargetDependency;
			target = 85BE5D2D1DB7105400D73398 /* BunnyBunny */;
			targetProxy = 85BE5D4E1DB7105400D73398 /* PBXContainerItemProxy */;
		};
/* End PBXTargetDependency section */

/* Begin PBXVariantGroup section */
		85BE5D351DB7105400D73398 /* Main.storyboard */ = {
			isa = PBXVariantGroup;
			children = (
				85BE5D361DB7105400D73398 /* Base */,
			);
			name = Main.storyboard;
			sourceTree = "<group>";
		};
		85BE5D3A1DB7105400D73398 /* LaunchScreen.storyboard */ = {
			isa = PBXVariantGroup;
			children = (
				85BE5D3B1DB7105400D73398 /* Base */,
			);
			name = LaunchScreen.storyboard;
			sourceTree = "<group>";
		};
/* End PBXVariantGroup section */

/* Begin XCBuildConfiguration section */
		85BE5D541DB7105400D73398 /* Debug */ = {
			isa = XCBuildConfiguration;
			buildSettings = {
				ALWAYS_SEARCH_USER_PATHS = NO;
				CLANG_ANALYZER_NONNULL = YES;
				CLANG_CXX_LANGUAGE_STANDARD = "gnu++0x";
				CLANG_CXX_LIBRARY = "libc++";
				CLANG_ENABLE_MODULES = YES;
				CLANG_ENABLE_OBJC_ARC = YES;
				CLANG_WARN_BOOL_CONVERSION = YES;
				CLANG_WARN_CONSTANT_CONVERSION = YES;
				CLANG_WARN_DIRECT_OBJC_ISA_USAGE = YES_ERROR;
				CLANG_WARN_DOCUMENTATION_COMMENTS = YES;
				CLANG_WARN_EMPTY_BODY = YES;
				CLANG_WARN_ENUM_CONVERSION = YES;
				CLANG_WARN_INFINITE_RECURSION = YES;
				CLANG_WARN_INT_CONVERSION = YES;
				CLANG_WARN_OBJC_ROOT_CLASS = YES_ERROR;
				CLANG_WARN_SUSPICIOUS_MOVES = YES;
				CLANG_WARN_UNREACHABLE_CODE = YES;
				CLANG_WARN__DUPLICATE_METHOD_MATCH = YES;
				"CODE_SIGN_IDENTITY[sdk=iphoneos*]" = "iPhone Developer";
				COPY_PHASE_STRIP = NO;
				DEBUG_INFORMATION_FORMAT = dwarf;
				ENABLE_STRICT_OBJC_MSGSEND = YES;
				ENABLE_TESTABILITY = YES;
				GCC_C_LANGUAGE_STANDARD = gnu99;
				GCC_DYNAMIC_NO_PIC = NO;
				GCC_NO_COMMON_BLOCKS = YES;
				GCC_OPTIMIZATION_LEVEL = 0;
				GCC_PREPROCESSOR_DEFINITIONS = (
					"DEBUG=1",
					"$(inherited)",
				);
				GCC_WARN_64_TO_32_BIT_CONVERSION = YES;
				GCC_WARN_ABOUT_RETURN_TYPE = YES_ERROR;
				GCC_WARN_UNDECLARED_SELECTOR = YES;
				GCC_WARN_UNINITIALIZED_AUTOS = YES_AGGRESSIVE;
				GCC_WARN_UNUSED_FUNCTION = YES;
				GCC_WARN_UNUSED_VARIABLE = YES;
				IPHONEOS_DEPLOYMENT_TARGET = 10.0;
				MTL_ENABLE_DEBUG_INFO = YES;
				ONLY_ACTIVE_ARCH = YES;
				SDKROOT = iphoneos;
				SWIFT_ACTIVE_COMPILATION_CONDITIONS = DEBUG;
				SWIFT_OPTIMIZATION_LEVEL = "-Onone";
			};
			name = Debug;
		};
		85BE5D551DB7105400D73398 /* Release */ = {
			isa = XCBuildConfiguration;
			buildSettings = {
				ALWAYS_SEARCH_USER_PATHS = NO;
				CLANG_ANALYZER_NONNULL = YES;
				CLANG_CXX_LANGUAGE_STANDARD = "gnu++0x";
				CLANG_CXX_LIBRARY = "libc++";
				CLANG_ENABLE_MODULES = YES;
				CLANG_ENABLE_OBJC_ARC = YES;
				CLANG_WARN_BOOL_CONVERSION = YES;
				CLANG_WARN_CONSTANT_CONVERSION = YES;
				CLANG_WARN_DIRECT_OBJC_ISA_USAGE = YES_ERROR;
				CLANG_WARN_DOCUMENTATION_COMMENTS = YES;
				CLANG_WARN_EMPTY_BODY = YES;
				CLANG_WARN_ENUM_CONVERSION = YES;
				CLANG_WARN_INFINITE_RECURSION = YES;
				CLANG_WARN_INT_CONVERSION = YES;
				CLANG_WARN_OBJC_ROOT_CLASS = YES_ERROR;
				CLANG_WARN_SUSPICIOUS_MOVES = YES;
				CLANG_WARN_UNREACHABLE_CODE = YES;
				CLANG_WARN__DUPLICATE_METHOD_MATCH = YES;
				"CODE_SIGN_IDENTITY[sdk=iphoneos*]" = "iPhone Developer";
				COPY_PHASE_STRIP = NO;
				DEBUG_INFORMATION_FORMAT = "dwarf-with-dsym";
				ENABLE_NS_ASSERTIONS = NO;
				ENABLE_STRICT_OBJC_MSGSEND = YES;
				GCC_C_LANGUAGE_STANDARD = gnu99;
				GCC_NO_COMMON_BLOCKS = YES;
				GCC_WARN_64_TO_32_BIT_CONVERSION = YES;
				GCC_WARN_ABOUT_RETURN_TYPE = YES_ERROR;
				GCC_WARN_UNDECLARED_SELECTOR = YES;
				GCC_WARN_UNINITIALIZED_AUTOS = YES_AGGRESSIVE;
				GCC_WARN_UNUSED_FUNCTION = YES;
				GCC_WARN_UNUSED_VARIABLE = YES;
				IPHONEOS_DEPLOYMENT_TARGET = 10.0;
				MTL_ENABLE_DEBUG_INFO = NO;
				SDKROOT = iphoneos;
				SWIFT_OPTIMIZATION_LEVEL = "-Owholemodule";
				VALIDATE_PRODUCT = YES;
			};
			name = Release;
		};
		85BE5D571DB7105400D73398 /* Debug */ = {
			isa = XCBuildConfiguration;
			buildSettings = {
				ASSETCATALOG_COMPILER_APPICON_NAME = AppIcon;
				INFOPLIST_FILE = BunnyBunny/Info.plist;
				LD_RUNPATH_SEARCH_PATHS = "$(inherited) @executable_path/Frameworks";
				PRODUCT_BUNDLE_IDENTIFIER = me.noff.BunnyBunny;
				PRODUCT_NAME = "$(TARGET_NAME)";
				SWIFT_VERSION = 3.0;
			};
			name = Debug;
		};
		85BE5D581DB7105400D73398 /* Release */ = {
			isa = XCBuildConfiguration;
			buildSettings = {
				ASSETCATALOG_COMPILER_APPICON_NAME = AppIcon;
				INFOPLIST_FILE = BunnyBunny/Info.plist;
				LD_RUNPATH_SEARCH_PATHS = "$(inherited) @executable_path/Frameworks";
				PRODUCT_BUNDLE_IDENTIFIER = me.noff.BunnyBunny;
				PRODUCT_NAME = "$(TARGET_NAME)";
				SWIFT_VERSION = 3.0;
			};
			name = Release;
		};
		85BE5D5A1DB7105400D73398 /* Debug */ = {
			isa = XCBuildConfiguration;
			buildSettings = {
				ALWAYS_EMBED_SWIFT_STANDARD_LIBRARIES = YES;
				BUNDLE_LOADER = "$(TEST_HOST)";
				INFOPLIST_FILE = BunnyBunnyTests/Info.plist;
				LD_RUNPATH_SEARCH_PATHS = "$(inherited) @executable_path/Frameworks @loader_path/Frameworks";
				PRODUCT_BUNDLE_IDENTIFIER = me.noff.BunnyBunnyTests;
				PRODUCT_NAME = "$(TARGET_NAME)";
				SWIFT_VERSION = 3.0;
				TEST_HOST = "$(BUILT_PRODUCTS_DIR)/BunnyBunny.app/BunnyBunny";
			};
			name = Debug;
		};
		85BE5D5B1DB7105400D73398 /* Release */ = {
			isa = XCBuildConfiguration;
			buildSettings = {
				ALWAYS_EMBED_SWIFT_STANDARD_LIBRARIES = YES;
				BUNDLE_LOADER = "$(TEST_HOST)";
				INFOPLIST_FILE = BunnyBunnyTests/Info.plist;
				LD_RUNPATH_SEARCH_PATHS = "$(inherited) @executable_path/Frameworks @loader_path/Frameworks";
				PRODUCT_BUNDLE_IDENTIFIER = me.noff.BunnyBunnyTests;
				PRODUCT_NAME = "$(TARGET_NAME)";
				SWIFT_VERSION = 3.0;
				TEST_HOST = "$(BUILT_PRODUCTS_DIR)/BunnyBunny.app/BunnyBunny";
			};
			name = Release;
		};
		85BE5D5D1DB7105400D73398 /* Debug */ = {
			isa = XCBuildConfiguration;
			buildSettings = {
				ALWAYS_EMBED_SWIFT_STANDARD_LIBRARIES = YES;
				INFOPLIST_FILE = BunnyBunnyUITests/Info.plist;
				LD_RUNPATH_SEARCH_PATHS = "$(inherited) @executable_path/Frameworks @loader_path/Frameworks";
				PRODUCT_BUNDLE_IDENTIFIER = me.noff.BunnyBunnyUITests;
				PRODUCT_NAME = "$(TARGET_NAME)";
				SWIFT_VERSION = 3.0;
				TEST_TARGET_NAME = BunnyBunny;
			};
			name = Debug;
		};
		85BE5D5E1DB7105400D73398 /* Release */ = {
			isa = XCBuildConfiguration;
			buildSettings = {
				ALWAYS_EMBED_SWIFT_STANDARD_LIBRARIES = YES;
				INFOPLIST_FILE = BunnyBunnyUITests/Info.plist;
				LD_RUNPATH_SEARCH_PATHS = "$(inherited) @executable_path/Frameworks @loader_path/Frameworks";
				PRODUCT_BUNDLE_IDENTIFIER = me.noff.BunnyBunnyUITests;
				PRODUCT_NAME = "$(TARGET_NAME)";
				SWIFT_VERSION = 3.0;
				TEST_TARGET_NAME = BunnyBunny;
			};
			name = Release;
		};
/* End XCBuildConfiguration section */

/* Begin XCConfigurationList section */
		85BE5D291DB7105400D73398 /* Build configuration list for PBXProject "BunnyBunny" */ = {
			isa = XCConfigurationList;
			buildConfigurations = (
				85BE5D541DB7105400D73398 /* Debug */,
				85BE5D551DB7105400D73398 /* Release */,
			);
			defaultConfigurationIsVisible = 0;
			defaultConfigurationName = Release;
		};
		85BE5D561DB7105400D73398 /* Build configuration list for PBXNativeTarget "BunnyBunny" */ = {
			isa = XCConfigurationList;
			buildConfigurations = (
				85BE5D571DB7105400D73398 /* Debug */,
				85BE5D581DB7105400D73398 /* Release */,
			);
			defaultConfigurationIsVisible = 0;
		};
		85BE5D591DB7105400D73398 /* Build configuration list for PBXNativeTarget "BunnyBunnyTests" */ = {
			isa = XCConfigurationList;
			buildConfigurations = (
				85BE5D5A1DB7105400D73398 /* Debug */,
				85BE5D5B1DB7105400D73398 /* Release */,
			);
			defaultConfigurationIsVisible = 0;
		};
		85BE5D5C1DB7105400D73398 /* Build configuration list for PBXNativeTarget "BunnyBunnyUITests" */ = {
			isa = XCConfigurationList;
			buildConfigurations = (
				85BE5D5D1DB7105400D73398 /* Debug */,
				85BE5D5E1DB7105400D73398 /* Release */,
			);
			defaultConfigurationIsVisible = 0;
		};
/* End XCConfigurationList section */
	};
	rootObject = 85BE5D261DB7105400D73398 /* Project object */;
}
